// !$*UTF8*$!
{
	archiveVersion = 1;
	classes = {
	};
	objectVersion = 63;
	objects = {

/* Begin PBXBuildFile section */
		0B4EC192581C7537CAA4D262 /* ContentView.swift in Sources */ = {isa = PBXBuildFile; fileRef = B6DDFFC18F5E035BBC6AC1BC /* ContentView.swift */; };
		1F295451D08F019C7D50EAE1 /* AACApp.swift in Sources */ = {isa = PBXBuildFile; fileRef = F5772D4A4ECECEAB7E595ED9 /* AACApp.swift */; };
		1FB61D9225A624614B833DA9 /* ItemStore.swift in Sources */ = {isa = PBXBuildFile; fileRef = 8CFE2F6FD39DBA50B08887D9 /* ItemStore.swift */; };
		3A043210255292BCF97E61EA /* AddItemView.swift in Sources */ = {isa = PBXBuildFile; fileRef = 4847CA595BBC8CAC969C6A52 /* AddItemView.swift */; };
		49C1D86F34E1C61C0A012782 /* Assets.xcassets in Resources */ = {isa = PBXBuildFile; fileRef = F5D994507C5469DF306A8243 /* Assets.xcassets */; };
		5F5739FE1EF5792023D9D4E2 /* GeneratedSecrets.swift in Sources */ = {isa = PBXBuildFile; fileRef = 4599A0980F8D1198468667C0 /* GeneratedSecrets.swift */; };
		6C188C6D683F53D8849BCAC4 /* PottyView.swift in Sources */ = {isa = PBXBuildFile; fileRef = 6E49B1909ABCAB0F68E4442B /* PottyView.swift */; };
		8033D41D3E25E2D6F4F59511 /* StrollerView.swift in Sources */ = {isa = PBXBuildFile; fileRef = 26023927FBAD8B7F17577A1C /* StrollerView.swift */; };
		8421383AD877E0EFF2764375 /* ElectricToothbrushView.swift in Sources */ = {isa = PBXBuildFile; fileRef = 4BEC0042A23DC53D247C5DFE /* ElectricToothbrushView.swift */; };
		9010D539944169E7F542539F /* AACButtonView.swift in Sources */ = {isa = PBXBuildFile; fileRef = A2AB8012356B42E87A9DA366 /* AACButtonView.swift */; };
		99024E7EE30B454AF82EC0E0 /* SettingsView.swift in Sources */ = {isa = PBXBuildFile; fileRef = 804EDA163E36AE438A8BCD47 /* SettingsView.swift */; };
		A8149D390065AEDB22EC3ED8 /* EditItemView.swift in Sources */ = {isa = PBXBuildFile; fileRef = 5F3F035DD55BB57CA0A2E442 /* EditItemView.swift */; };
		B43DFE3ED500AA0FC5DF8B4B /* AACItem.swift in Sources */ = {isa = PBXBuildFile; fileRef = C1AE8A23928CCE4F8F0E5D7C /* AACItem.swift */; };
		B52537A552A5464CDB18090E /* MilkCartonView.swift in Sources */ = {isa = PBXBuildFile; fileRef = 46D6BBC85069F388F677F360 /* MilkCartonView.swift */; };
		B5CCC2155D448846B44EF192 /* OpenAITTSService.swift in Sources */ = {isa = PBXBuildFile; fileRef = 24B946CE7BF9D0B3CB8F6FC8 /* OpenAITTSService.swift */; };
		C6F66AD8BDDB9002309F9973 /* GroqTTSService.swift in Sources */ = {isa = PBXBuildFile; fileRef = 27FB0CEFD631FD74A607950D /* GroqTTSService.swift */; };
		FAF5353CBF092752FCF31714 /* TextToSpeechManager.swift in Sources */ = {isa = PBXBuildFile; fileRef = A5A714BDC729D25B1478F52F /* TextToSpeechManager.swift */; };
/* End PBXBuildFile section */

/* Begin PBXFileReference section */
		24B946CE7BF9D0B3CB8F6FC8 /* OpenAITTSService.swift */ = {isa = PBXFileReference; lastKnownFileType = sourcecode.swift; path = OpenAITTSService.swift; sourceTree = "<group>"; };
		26023927FBAD8B7F17577A1C /* StrollerView.swift */ = {isa = PBXFileReference; lastKnownFileType = sourcecode.swift; path = StrollerView.swift; sourceTree = "<group>"; };
		27FB0CEFD631FD74A607950D /* GroqTTSService.swift */ = {isa = PBXFileReference; lastKnownFileType = sourcecode.swift; path = GroqTTSService.swift; sourceTree = "<group>"; };
		4599A0980F8D1198468667C0 /* GeneratedSecrets.swift */ = {isa = PBXFileReference; lastKnownFileType = sourcecode.swift; path = GeneratedSecrets.swift; sourceTree = "<group>"; };
		46D6BBC85069F388F677F360 /* MilkCartonView.swift */ = {isa = PBXFileReference; lastKnownFileType = sourcecode.swift; path = MilkCartonView.swift; sourceTree = "<group>"; };
		4847CA595BBC8CAC969C6A52 /* AddItemView.swift */ = {isa = PBXFileReference; lastKnownFileType = sourcecode.swift; path = AddItemView.swift; sourceTree = "<group>"; };
		4B21192417C747BD255566A7 /* Info.plist */ = {isa = PBXFileReference; lastKnownFileType = text.plist; path = Info.plist; sourceTree = "<group>"; };
		4BEC0042A23DC53D247C5DFE /* ElectricToothbrushView.swift */ = {isa = PBXFileReference; lastKnownFileType = sourcecode.swift; path = ElectricToothbrushView.swift; sourceTree = "<group>"; };
		5F3F035DD55BB57CA0A2E442 /* EditItemView.swift */ = {isa = PBXFileReference; lastKnownFileType = sourcecode.swift; path = EditItemView.swift; sourceTree = "<group>"; };
		6E49B1909ABCAB0F68E4442B /* PottyView.swift */ = {isa = PBXFileReference; lastKnownFileType = sourcecode.swift; path = PottyView.swift; sourceTree = "<group>"; };
		6ED7E1E02F5E463800720D75 /* AppStoreSubmission.md */ = {isa = PBXFileReference; lastKnownFileType = net.daringfireball.markdown; path = AppStoreSubmission.md; sourceTree = "<group>"; };
		780C4F2338E7DF7104317AC2 /* AAC.app */ = {isa = PBXFileReference; includeInIndex = 0; lastKnownFileType = wrapper.application; path = AAC.app; sourceTree = BUILT_PRODUCTS_DIR; };
		804EDA163E36AE438A8BCD47 /* SettingsView.swift */ = {isa = PBXFileReference; lastKnownFileType = sourcecode.swift; path = SettingsView.swift; sourceTree = "<group>"; };
		8CFE2F6FD39DBA50B08887D9 /* ItemStore.swift */ = {isa = PBXFileReference; lastKnownFileType = sourcecode.swift; path = ItemStore.swift; sourceTree = "<group>"; };
		A2AB8012356B42E87A9DA366 /* AACButtonView.swift */ = {isa = PBXFileReference; lastKnownFileType = sourcecode.swift; path = AACButtonView.swift; sourceTree = "<group>"; };
		A5A714BDC729D25B1478F52F /* TextToSpeechManager.swift */ = {isa = PBXFileReference; lastKnownFileType = sourcecode.swift; path = TextToSpeechManager.swift; sourceTree = "<group>"; };
		B6DDFFC18F5E035BBC6AC1BC /* ContentView.swift */ = {isa = PBXFileReference; lastKnownFileType = sourcecode.swift; path = ContentView.swift; sourceTree = "<group>"; };
		C1AE8A23928CCE4F8F0E5D7C /* AACItem.swift */ = {isa = PBXFileReference; lastKnownFileType = sourcecode.swift; path = AACItem.swift; sourceTree = "<group>"; };
		F5772D4A4ECECEAB7E595ED9 /* AACApp.swift */ = {isa = PBXFileReference; lastKnownFileType = sourcecode.swift; path = AACApp.swift; sourceTree = "<group>"; };
		F5D994507C5469DF306A8243 /* Assets.xcassets */ = {isa = PBXFileReference; lastKnownFileType = folder.assetcatalog; path = Assets.xcassets; sourceTree = "<group>"; };
/* End PBXFileReference section */

/* Begin PBXGroup section */
		1F037ED1C838B731F9B42817 /* Products */ = {
			isa = PBXGroup;
			children = (
				780C4F2338E7DF7104317AC2 /* AAC.app */,
			);
			name = Products;
			sourceTree = "<group>";
		};
		518D24B0FF045E89F69BAD4B /* Services */ = {
			isa = PBXGroup;
			children = (
				4599A0980F8D1198468667C0 /* GeneratedSecrets.swift */,
				27FB0CEFD631FD74A607950D /* GroqTTSService.swift */,
				24B946CE7BF9D0B3CB8F6FC8 /* OpenAITTSService.swift */,
				A5A714BDC729D25B1478F52F /* TextToSpeechManager.swift */,
			);
			path = Services;
			sourceTree = "<group>";
		};
		5E91785478731AB1DC3F0A45 /* AAC */ = {
			isa = PBXGroup;
			children = (
				F5772D4A4ECECEAB7E595ED9 /* AACApp.swift */,
				F5D994507C5469DF306A8243 /* Assets.xcassets */,
				4B21192417C747BD255566A7 /* Info.plist */,
				FB798B4F5697EF05A34F1A5F /* Models */,
				518D24B0FF045E89F69BAD4B /* Services */,
				F9788348089FC3EED3B8B5F0 /* Views */,
			);
			path = AAC;
			sourceTree = "<group>";
		};
		71B29704DBD4B06B3BCE4642 = {
			isa = PBXGroup;
			children = (
				6ED7E1E02F5E463800720D75 /* AppStoreSubmission.md */,
				5E91785478731AB1DC3F0A45 /* AAC */,
				1F037ED1C838B731F9B42817 /* Products */,
			);
			sourceTree = "<group>";
		};
		F15486DFA349987B17B45EB5 /* ItemImages */ = {
			isa = PBXGroup;
			children = (
				4BEC0042A23DC53D247C5DFE /* ElectricToothbrushView.swift */,
				46D6BBC85069F388F677F360 /* MilkCartonView.swift */,
				6E49B1909ABCAB0F68E4442B /* PottyView.swift */,
				26023927FBAD8B7F17577A1C /* StrollerView.swift */,
			);
			path = ItemImages;
			sourceTree = "<group>";
		};
		F9788348089FC3EED3B8B5F0 /* Views */ = {
			isa = PBXGroup;
			children = (
				A2AB8012356B42E87A9DA366 /* AACButtonView.swift */,
				4847CA595BBC8CAC969C6A52 /* AddItemView.swift */,
				B6DDFFC18F5E035BBC6AC1BC /* ContentView.swift */,
				5F3F035DD55BB57CA0A2E442 /* EditItemView.swift */,
				804EDA163E36AE438A8BCD47 /* SettingsView.swift */,
				F15486DFA349987B17B45EB5 /* ItemImages */,
			);
			path = Views;
			sourceTree = "<group>";
		};
		FB798B4F5697EF05A34F1A5F /* Models */ = {
			isa = PBXGroup;
			children = (
				C1AE8A23928CCE4F8F0E5D7C /* AACItem.swift */,
				8CFE2F6FD39DBA50B08887D9 /* ItemStore.swift */,
			);
			path = Models;
			sourceTree = "<group>";
		};
/* End PBXGroup section */

/* Begin PBXNativeTarget section */
		DCEE1F9945DE720110C3BE2E /* AAC */ = {
			isa = PBXNativeTarget;
			buildConfigurationList = 41F8E73DEAEC639DA298BB05 /* Build configuration list for PBXNativeTarget "AAC" */;
			buildPhases = (
				8AA4838AABF1D9E57E2BF391 /* Generate Secrets */,
				4A89699CDC741FBFEF4627E4 /* Sources */,
				6FFEA9739B365EAD52B2FB34 /* Resources */,
			);
			buildRules = (
			);
			dependencies = (
			);
			name = AAC;
			packageProductDependencies = (
			);
			productName = AAC;
			productReference = 780C4F2338E7DF7104317AC2 /* AAC.app */;
			productType = "com.apple.product-type.application";
		};
/* End PBXNativeTarget section */

/* Begin PBXProject section */
		C1C3272BC5F417CA74B24051 /* Project object */ = {
			isa = PBXProject;
			attributes = {
				BuildIndependentTargetsInParallel = YES;
				LastUpgradeCheck = 1500;
				TargetAttributes = {
					DCEE1F9945DE720110C3BE2E = {
						DevelopmentTeam = G3P9A8Z2NP;
						ProvisioningStyle = Automatic;
					};
				};
			};
			buildConfigurationList = 55A614544B4647C413D8DDB8 /* Build configuration list for PBXProject "AAC" */;
			compatibilityVersion = "Xcode 14.0";
			developmentRegion = en;
			hasScannedForEncodings = 0;
			knownRegions = (
				Base,
				en,
			);
			mainGroup = 71B29704DBD4B06B3BCE4642;
			minimizedProjectReferenceProxies = 1;
			projectDirPath = "";
			projectRoot = "";
			targets = (
				DCEE1F9945DE720110C3BE2E /* AAC */,
			);
		};
/* End PBXProject section */

/* Begin PBXResourcesBuildPhase section */
		6FFEA9739B365EAD52B2FB34 /* Resources */ = {
			isa = PBXResourcesBuildPhase;
			buildActionMask = 2147483647;
			files = (
				49C1D86F34E1C61C0A012782 /* Assets.xcassets in Resources */,
			);
			runOnlyForDeploymentPostprocessing = 0;
		};
/* End PBXResourcesBuildPhase section */

/* Begin PBXShellScriptBuildPhase section */
		8AA4838AABF1D9E57E2BF391 /* Generate Secrets */ = {
			isa = PBXShellScriptBuildPhase;
			alwaysOutOfDate = 1;
			buildActionMask = 2147483647;
			files = (
			);
			inputFileListPaths = (
			);
			inputPaths = (
				"$(SRCROOT)/scripts/generate_secrets.sh",
				"$(SRCROOT)/Secrets.plist",
			);
			name = "Generate Secrets";
			outputFileListPaths = (
			);
			outputPaths = (
				"$(SRCROOT)/AAC/Services/GeneratedSecrets.swift",
			);
			runOnlyForDeploymentPostprocessing = 0;
			shellPath = /bin/sh;
			shellScript = "bash \"${SRCROOT}/scripts/generate_secrets.sh\"\n";
		};
/* End PBXShellScriptBuildPhase section */

/* Begin PBXSourcesBuildPhase section */
		4A89699CDC741FBFEF4627E4 /* Sources */ = {
			isa = PBXSourcesBuildPhase;
			buildActionMask = 2147483647;
			files = (
				1F295451D08F019C7D50EAE1 /* AACApp.swift in Sources */,
				9010D539944169E7F542539F /* AACButtonView.swift in Sources */,
				B43DFE3ED500AA0FC5DF8B4B /* AACItem.swift in Sources */,
				3A043210255292BCF97E61EA /* AddItemView.swift in Sources */,
				0B4EC192581C7537CAA4D262 /* ContentView.swift in Sources */,
				A8149D390065AEDB22EC3ED8 /* EditItemView.swift in Sources */,
				8421383AD877E0EFF2764375 /* ElectricToothbrushView.swift in Sources */,
				5F5739FE1EF5792023D9D4E2 /* GeneratedSecrets.swift in Sources */,
				C6F66AD8BDDB9002309F9973 /* GroqTTSService.swift in Sources */,
				1FB61D9225A624614B833DA9 /* ItemStore.swift in Sources */,
				B52537A552A5464CDB18090E /* MilkCartonView.swift in Sources */,
				B5CCC2155D448846B44EF192 /* OpenAITTSService.swift in Sources */,
				6C188C6D683F53D8849BCAC4 /* PottyView.swift in Sources */,
				99024E7EE30B454AF82EC0E0 /* SettingsView.swift in Sources */,
				8033D41D3E25E2D6F4F59511 /* StrollerView.swift in Sources */,
				FAF5353CBF092752FCF31714 /* TextToSpeechManager.swift in Sources */,
			);
			runOnlyForDeploymentPostprocessing = 0;
		};
/* End PBXSourcesBuildPhase section */

/* Begin XCBuildConfiguration section */
		41E2A948682F2E1121C7402C /* Debug */ = {
			isa = XCBuildConfiguration;
			buildSettings = {
				ALWAYS_SEARCH_USER_PATHS = NO;
				CLANG_ANALYZER_NONNULL = YES;
				CLANG_ANALYZER_NUMBER_OBJECT_CONVERSION = YES_AGGRESSIVE;
				CLANG_CXX_LANGUAGE_STANDARD = "gnu++14";
				CLANG_CXX_LIBRARY = "libc++";
				CLANG_ENABLE_MODULES = YES;
				CLANG_ENABLE_OBJC_ARC = YES;
				CLANG_ENABLE_OBJC_WEAK = YES;
				CLANG_WARN_BLOCK_CAPTURE_AUTORELEASING = YES;
				CLANG_WARN_BOOL_CONVERSION = YES;
				CLANG_WARN_COMMA = YES;
				CLANG_WARN_CONSTANT_CONVERSION = YES;
				CLANG_WARN_DEPRECATED_OBJC_IMPLEMENTATIONS = YES;
				CLANG_WARN_DIRECT_OBJC_ISA_USAGE = YES_ERROR;
				CLANG_WARN_DOCUMENTATION_COMMENTS = YES;
				CLANG_WARN_EMPTY_BODY = YES;
				CLANG_WARN_ENUM_CONVERSION = YES;
				CLANG_WARN_INFINITE_RECURSION = YES;
				CLANG_WARN_INT_CONVERSION = YES;
				CLANG_WARN_NON_LITERAL_NULL_CONVERSION = YES;
				CLANG_WARN_OBJC_IMPLICIT_RETAIN_SELF = YES;
				CLANG_WARN_OBJC_LITERAL_CONVERSION = YES;
				CLANG_WARN_OBJC_ROOT_CLASS = YES_ERROR;
				CLANG_WARN_QUOTED_INCLUDE_IN_FRAMEWORK_HEADER = YES;
				CLANG_WARN_RANGE_LOOP_ANALYSIS = YES;
				CLANG_WARN_STRICT_PROTOTYPES = YES;
				CLANG_WARN_SUSPICIOUS_MOVE = YES;
				CLANG_WARN_UNGUARDED_AVAILABILITY = YES_AGGRESSIVE;
				CLANG_WARN_UNREACHABLE_CODE = YES;
				CLANG_WARN__DUPLICATE_METHOD_MATCH = YES;
				COPY_PHASE_STRIP = NO;
				DEBUG_INFORMATION_FORMAT = dwarf;
				DEVELOPMENT_TEAM = G3P9A8Z2NP;
				ENABLE_STRICT_OBJC_MSGSEND = YES;
				ENABLE_TESTABILITY = YES;
				GCC_C_LANGUAGE_STANDARD = gnu11;
				GCC_DYNAMIC_NO_PIC = NO;
				GCC_NO_COMMON_BLOCKS = YES;
				GCC_OPTIMIZATION_LEVEL = 0;
				GCC_PREPROCESSOR_DEFINITIONS = (
					"$(inherited)",
					"DEBUG=1",
				);
				GCC_WARN_64_TO_32_BIT_CONVERSION = YES;
				GCC_WARN_ABOUT_RETURN_TYPE = YES_ERROR;
				GCC_WARN_UNDECLARED_SELECTOR = YES;
				GCC_WARN_UNINITIALIZED_AUTOS = YES_AGGRESSIVE;
				GCC_WARN_UNUSED_FUNCTION = YES;
				GCC_WARN_UNUSED_VARIABLE = YES;
				INFOPLIST_FILE = AAC/Info.plist;
				IPHONEOS_DEPLOYMENT_TARGET = 16.0;
				MTL_ENABLE_DEBUG_INFO = INCLUDE_SOURCE;
				MTL_FAST_MATH = YES;
				ONLY_ACTIVE_ARCH = YES;
				PRODUCT_NAME = "$(TARGET_NAME)";
				SDKROOT = iphoneos;
				SUPPORTS_XR_DESIGNED_FOR = NO;
				SWIFT_ACTIVE_COMPILATION_CONDITIONS = DEBUG;
				SWIFT_OPTIMIZATION_LEVEL = "-Onone";
				SWIFT_VERSION = 5.0;
				TARGETED_DEVICE_FAMILY = "1,2";
			};
			name = Debug;
		};
		84F3ED73D9CB86C9BB6DB024 /* Release */ = {
			isa = XCBuildConfiguration;
			buildSettings = {
				ALWAYS_SEARCH_USER_PATHS = NO;
				CLANG_ANALYZER_NONNULL = YES;
				CLANG_ANALYZER_NUMBER_OBJECT_CONVERSION = YES_AGGRESSIVE;
				CLANG_CXX_LANGUAGE_STANDARD = "gnu++14";
				CLANG_CXX_LIBRARY = "libc++";
				CLANG_ENABLE_MODULES = YES;
				CLANG_ENABLE_OBJC_ARC = YES;
				CLANG_ENABLE_OBJC_WEAK = YES;
				CLANG_WARN_BLOCK_CAPTURE_AUTORELEASING = YES;
				CLANG_WARN_BOOL_CONVERSION = YES;
				CLANG_WARN_COMMA = YES;
				CLANG_WARN_CONSTANT_CONVERSION = YES;
				CLANG_WARN_DEPRECATED_OBJC_IMPLEMENTATIONS = YES;
				CLANG_WARN_DIRECT_OBJC_ISA_USAGE = YES_ERROR;
				CLANG_WARN_DOCUMENTATION_COMMENTS = YES;
				CLANG_WARN_EMPTY_BODY = YES;
				CLANG_WARN_ENUM_CONVERSION = YES;
				CLANG_WARN_INFINITE_RECURSION = YES;
				CLANG_WARN_INT_CONVERSION = YES;
				CLANG_WARN_NON_LITERAL_NULL_CONVERSION = YES;
				CLANG_WARN_OBJC_IMPLICIT_RETAIN_SELF = YES;
				CLANG_WARN_OBJC_LITERAL_CONVERSION = YES;
				CLANG_WARN_OBJC_ROOT_CLASS = YES_ERROR;
				CLANG_WARN_QUOTED_INCLUDE_IN_FRAMEWORK_HEADER = YES;
				CLANG_WARN_RANGE_LOOP_ANALYSIS = YES;
				CLANG_WARN_STRICT_PROTOTYPES = YES;
				CLANG_WARN_SUSPICIOUS_MOVE = YES;
				CLANG_WARN_UNGUARDED_AVAILABILITY = YES_AGGRESSIVE;
				CLANG_WARN_UNREACHABLE_CODE = YES;
				CLANG_WARN__DUPLICATE_METHOD_MATCH = YES;
				COPY_PHASE_STRIP = NO;
				DEBUG_INFORMATION_FORMAT = "dwarf-with-dsym";
				DEVELOPMENT_TEAM = G3P9A8Z2NP;
				ENABLE_NS_ASSERTIONS = NO;
				ENABLE_STRICT_OBJC_MSGSEND = YES;
				GCC_C_LANGUAGE_STANDARD = gnu11;
				GCC_NO_COMMON_BLOCKS = YES;
				GCC_WARN_64_TO_32_BIT_CONVERSION = YES;
				GCC_WARN_ABOUT_RETURN_TYPE = YES_ERROR;
				GCC_WARN_UNDECLARED_SELECTOR = YES;
				GCC_WARN_UNINITIALIZED_AUTOS = YES_AGGRESSIVE;
				GCC_WARN_UNUSED_FUNCTION = YES;
				GCC_WARN_UNUSED_VARIABLE = YES;
				INFOPLIST_FILE = AAC/Info.plist;
				IPHONEOS_DEPLOYMENT_TARGET = 16.0;
				MTL_ENABLE_DEBUG_INFO = NO;
				MTL_FAST_MATH = YES;
				PRODUCT_NAME = "$(TARGET_NAME)";
				SDKROOT = iphoneos;
				SUPPORTS_XR_DESIGNED_FOR = NO;
				SWIFT_COMPILATION_MODE = wholemodule;
				SWIFT_OPTIMIZATION_LEVEL = "-O";
				SWIFT_VERSION = 5.0;
				TARGETED_DEVICE_FAMILY = "1,2";
			};
			name = Release;
		};
		9A092F38217CD2DE8E219394 /* Release */ = {
			isa = XCBuildConfiguration;
			buildSettings = {
				ASSETCATALOG_COMPILER_APPICON_NAME = AppIcon;
				CODE_SIGN_IDENTITY = "iPhone Developer";
				CODE_SIGN_STYLE = Automatic;
				DEVELOPMENT_TEAM = G3P9A8Z2NP;
				ENABLE_USER_SCRIPT_SANDBOXING = NO;
				INFOPLIST_FILE = AAC/Info.plist;
				IPHONEOS_DEPLOYMENT_TARGET = 16.0;
				LD_RUNPATH_SEARCH_PATHS = (
					"$(inherited)",
					"@executable_path/Frameworks",
				);
				PRODUCT_BUNDLE_IDENTIFIER = com.jbaker.AAC;
				SDKROOT = iphoneos;
				SWIFT_VERSION = 5.9;
				TARGETED_DEVICE_FAMILY = "1,2";
			};
			name = Release;
		};
		B4DB31E821102036691CC24A /* Debug */ = {
			isa = XCBuildConfiguration;
			buildSettings = {
				ASSETCATALOG_COMPILER_APPICON_NAME = AppIcon;
				CODE_SIGN_IDENTITY = "iPhone Developer";
				CODE_SIGN_STYLE = Automatic;
				DEVELOPMENT_TEAM = G3P9A8Z2NP;
				ENABLE_USER_SCRIPT_SANDBOXING = NO;
				INFOPLIST_FILE = AAC/Info.plist;
				IPHONEOS_DEPLOYMENT_TARGET = 16.0;
				LD_RUNPATH_SEARCH_PATHS = (
					"$(inherited)",
					"@executable_path/Frameworks",
				);
				PRODUCT_BUNDLE_IDENTIFIER = com.jbaker.AAC;
				SDKROOT = iphoneos;
				SWIFT_VERSION = 5.9;
				TARGETED_DEVICE_FAMILY = "1,2";
			};
			name = Debug;
		};
/* End XCBuildConfiguration section */

/* Begin XCConfigurationList section */
		41F8E73DEAEC639DA298BB05 /* Build configuration list for PBXNativeTarget "AAC" */ = {
			isa = XCConfigurationList;
			buildConfigurations = (
				B4DB31E821102036691CC24A /* Debug */,
				9A092F38217CD2DE8E219394 /* Release */,
			);
			defaultConfigurationIsVisible = 0;
			defaultConfigurationName = Debug;
		};
		55A614544B4647C413D8DDB8 /* Build configuration list for PBXProject "AAC" */ = {
			isa = XCConfigurationList;
			buildConfigurations = (
				41E2A948682F2E1121C7402C /* Debug */,
				84F3ED73D9CB86C9BB6DB024 /* Release */,
			);
			defaultConfigurationIsVisible = 0;
			defaultConfigurationName = Debug;
		};
/* End XCConfigurationList section */
	};
	rootObject = C1C3272BC5F417CA74B24051 /* Project object */;
}
